
Microsoft Visual Studio Solution File, Format Version 12.00
Project("{FAE04EC0-301F-11D3-BF4B-00C04F79EFBC}") = "labs", "labs\labs.csproj", "{20CDF4E4-F208-4CD8-A624-83120AFF05A2}"
EndProject
Project("{FAE04EC0-301F-11D3-BF4B-00C04F79EFBC}") = "files", "files\files.csproj", "{32DD0CF9-55EA-482F-A502-5572D318439E}"
EndProject
Global
	GlobalSection(SolutionConfigurationPlatforms) = preSolution
		Debug|Any CPU = Debug|Any CPU
		Release|Any CPU = Release|Any CPU
	EndGlobalSection
	GlobalSection(ProjectConfigurationPlatforms) = postSolution
		{20CDF4E4-F208-4CD8-A624-83120AFF05A2}.Debug|Any CPU.ActiveCfg = Debug|Any CPU
		{20CDF4E4-F208-4CD8-A624-83120AFF05A2}.Debug|Any CPU.Build.0 = Debug|Any CPU
		{20CDF4E4-F208-4CD8-A624-83120AFF05A2}.Release|Any CPU.ActiveCfg = Release|Any CPU
		{20CDF4E4-F208-4CD8-A624-83120AFF05A2}.Release|Any CPU.Build.0 = Release|Any CPU
		{32DD0CF9-55EA-482F-A502-5572D318439E}.Debug|Any CPU.ActiveCfg = Debug|Any CPU
		{32DD0CF9-55EA-482F-A502-5572D318439E}.Debug|Any CPU.Build.0 = Debug|Any CPU
		{32DD0CF9-55EA-482F-A502-5572D318439E}.Release|Any CPU.ActiveCfg = Release|Any CPU
		{32DD0CF9-55EA-482F-A502-5572D318439E}.Release|Any CPU.Build.0 = Release|Any CPU
	EndGlobalSection
EndGlobal
